// !$*UTF8*$!
{
	archiveVersion = 1;
	classes = {
	};
	objectVersion = 56;
	objects = {

/* Begin PBXBuildFile section */
		CAF91B232A5D2FB1006CDF8D /* AppDelegate.swift in Sources */ = {isa = PBXBuildFile; fileRef = CAF91B222A5D2FB1006CDF8D /* AppDelegate.swift */; };
		CAF91B252A5D2FB1006CDF8D /* SceneDelegate.swift in Sources */ = {isa = PBXBuildFile; fileRef = CAF91B242A5D2FB1006CDF8D /* SceneDelegate.swift */; };
		CAF91B272A5D2FB1006CDF8D /* ViewController.swift in Sources */ = {isa = PBXBuildFile; fileRef = CAF91B262A5D2FB1006CDF8D /* ViewController.swift */; };
		CAF91B2A2A5D2FB1006CDF8D /* Main.storyboard in Resources */ = {isa = PBXBuildFile; fileRef = CAF91B282A5D2FB1006CDF8D /* Main.storyboard */; };
		CAF91B2D2A5D2FB1006CDF8D /* CloudDiary.xcdatamodeld in Sources */ = {isa = PBXBuildFile; fileRef = CAF91B2B2A5D2FB1006CDF8D /* CloudDiary.xcdatamodeld */; };
		CAF91B2F2A5D2FB4006CDF8D /* Assets.xcassets in Resources */ = {isa = PBXBuildFile; fileRef = CAF91B2E2A5D2FB4006CDF8D /* Assets.xcassets */; };
		CAF91B322A5D2FB4006CDF8D /* LaunchScreen.storyboard in Resources */ = {isa = PBXBuildFile; fileRef = CAF91B302A5D2FB4006CDF8D /* LaunchScreen.storyboard */; };
/* End PBXBuildFile section */

/* Begin PBXFileReference section */
		CAF91B1F2A5D2FB1006CDF8D /* CloudDiary.app */ = {isa = PBXFileReference; explicitFileType = wrapper.application; includeInIndex = 0; path = CloudDiary.app; sourceTree = BUILT_PRODUCTS_DIR; };
		CAF91B222A5D2FB1006CDF8D /* AppDelegate.swift */ = {isa = PBXFileReference; lastKnownFileType = sourcecode.swift; path = AppDelegate.swift; sourceTree = "<group>"; };
		CAF91B242A5D2FB1006CDF8D /* SceneDelegate.swift */ = {isa = PBXFileReference; lastKnownFileType = sourcecode.swift; path = SceneDelegate.swift; sourceTree = "<group>"; };
		CAF91B262A5D2FB1006CDF8D /* ViewController.swift */ = {isa = PBXFileReference; lastKnownFileType = sourcecode.swift; path = ViewController.swift; sourceTree = "<group>"; };
		CAF91B292A5D2FB1006CDF8D /* Base */ = {isa = PBXFileReference; lastKnownFileType = file.storyboard; name = Base; path = Base.lproj/Main.storyboard; sourceTree = "<group>"; };
		CAF91B2C2A5D2FB1006CDF8D /* CloudDiary.xcdatamodel */ = {isa = PBXFileReference; lastKnownFileType = wrapper.xcdatamodel; path = CloudDiary.xcdatamodel; sourceTree = "<group>"; };
		CAF91B2E2A5D2FB4006CDF8D /* Assets.xcassets */ = {isa = PBXFileReference; lastKnownFileType = folder.assetcatalog; path = Assets.xcassets; sourceTree = "<group>"; };
		CAF91B312A5D2FB4006CDF8D /* Base */ = {isa = PBXFileReference; lastKnownFileType = file.storyboard; name = Base; path = Base.lproj/LaunchScreen.storyboard; sourceTree = "<group>"; };
		CAF91B332A5D2FB4006CDF8D /* Info.plist */ = {isa = PBXFileReference; lastKnownFileType = text.plist.xml; path = Info.plist; sourceTree = "<group>"; };
/* End PBXFileReference section */

/* Begin PBXFrameworksBuildPhase section */
		CAF91B1C2A5D2FB1006CDF8D /* Frameworks */ = {
			isa = PBXFrameworksBuildPhase;
			buildActionMask = 2147483647;
			files = (
			);
			runOnlyForDeploymentPostprocessing = 0;
		};
/* End PBXFrameworksBuildPhase section */

/* Begin PBXGroup section */
		CAF91B162A5D2FB1006CDF8D = {
			isa = PBXGroup;
			children = (
				CAF91B212A5D2FB1006CDF8D /* CloudDiary */,
				CAF91B202A5D2FB1006CDF8D /* Products */,
			);
			sourceTree = "<group>";
		};
		CAF91B202A5D2FB1006CDF8D /* Products */ = {
			isa = PBXGroup;
			children = (
				CAF91B1F2A5D2FB1006CDF8D /* CloudDiary.app */,
			);
			name = Products;
			sourceTree = "<group>";
		};
		CAF91B212A5D2FB1006CDF8D /* CloudDiary */ = {
			isa = PBXGroup;
			children = (
				CAF91B222A5D2FB1006CDF8D /* AppDelegate.swift */,
				CAF91B242A5D2FB1006CDF8D /* SceneDelegate.swift */,
				CAF91B262A5D2FB1006CDF8D /* ViewController.swift */,
				CAF91B282A5D2FB1006CDF8D /* Main.storyboard */,
				CAF91B2E2A5D2FB4006CDF8D /* Assets.xcassets */,
				CAF91B302A5D2FB4006CDF8D /* LaunchScreen.storyboard */,
				CAF91B332A5D2FB4006CDF8D /* Info.plist */,
				CAF91B2B2A5D2FB1006CDF8D /* CloudDiary.xcdatamodeld */,
			);
			path = CloudDiary;
			sourceTree = "<group>";
		};
/* End PBXGroup section */

/* Begin PBXNativeTarget section */
		CAF91B1E2A5D2FB1006CDF8D /* CloudDiary */ = {
			isa = PBXNativeTarget;
			buildConfigurationList = CAF91B362A5D2FB4006CDF8D /* Build configuration list for PBXNativeTarget "CloudDiary" */;
			buildPhases = (
				CAF91B1B2A5D2FB1006CDF8D /* Sources */,
				CAF91B1C2A5D2FB1006CDF8D /* Frameworks */,
				CAF91B1D2A5D2FB1006CDF8D /* Resources */,
			);
			buildRules = (
			);
			dependencies = (
			);
			name = CloudDiary;
			productName = CloudDiary;
			productReference = CAF91B1F2A5D2FB1006CDF8D /* CloudDiary.app */;
			productType = "com.apple.product-type.application";
		};
/* End PBXNativeTarget section */

/* Begin PBXProject section */
		CAF91B172A5D2FB1006CDF8D /* Project object */ = {
			isa = PBXProject;
			attributes = {
				BuildIndependentTargetsInParallel = 1;
				LastSwiftUpdateCheck = 1430;
				LastUpgradeCheck = 1430;
				TargetAttributes = {
					CAF91B1E2A5D2FB1006CDF8D = {
						CreatedOnToolsVersion = 14.3;
					};
				};
			};
			buildConfigurationList = CAF91B1A2A5D2FB1006CDF8D /* Build configuration list for PBXProject "CloudDiary" */;
			compatibilityVersion = "Xcode 14.0";
			developmentRegion = en;
			hasScannedForEncodings = 0;
			knownRegions = (
				en,
				Base,
			);
			mainGroup = CAF91B162A5D2FB1006CDF8D;
			productRefGroup = CAF91B202A5D2FB1006CDF8D /* Products */;
			projectDirPath = "";
			projectRoot = "";
			targets = (
				CAF91B1E2A5D2FB1006CDF8D /* CloudDiary */,
			);
		};
/* End PBXProject section */

/* Begin PBXResourcesBuildPhase section */
		CAF91B1D2A5D2FB1006CDF8D /* Resources */ = {
			isa = PBXResourcesBuildPhase;
			buildActionMask = 2147483647;
			files = (
				CAF91B322A5D2FB4006CDF8D /* LaunchScreen.storyboard in Resources */,
				CAF91B2F2A5D2FB4006CDF8D /* Assets.xcassets in Resources */,
				CAF91B2A2A5D2FB1006CDF8D /* Main.storyboard in Resources */,
			);
			runOnlyForDeploymentPostprocessing = 0;
		};
/* End PBXResourcesBuildPhase section */

/* Begin PBXSourcesBuildPhase section */
		CAF91B1B2A5D2FB1006CDF8D /* Sources */ = {
			isa = PBXSourcesBuildPhase;
			buildActionMask = 2147483647;
			files = (
				CAF91B272A5D2FB1006CDF8D /* ViewController.swift in Sources */,
				CAF91B232A5D2FB1006CDF8D /* AppDelegate.swift in Sources */,
				CAF91B252A5D2FB1006CDF8D /* SceneDelegate.swift in Sources */,
				CAF91B2D2A5D2FB1006CDF8D /* CloudDiary.xcdatamodeld in Sources */,
			);
			runOnlyForDeploymentPostprocessing = 0;
		};
/* End PBXSourcesBuildPhase section */

/* Begin PBXVariantGroup section */
		CAF91B282A5D2FB1006CDF8D /* Main.storyboard */ = {
			isa = PBXVariantGroup;
			children = (
				CAF91B292A5D2FB1006CDF8D /* Base */,
			);
			name = Main.storyboard;
			sourceTree = "<group>";
		};
		CAF91B302A5D2FB4006CDF8D /* LaunchScreen.storyboard */ = {
			isa = PBXVariantGroup;
			children = (
				CAF91B312A5D2FB4006CDF8D /* Base */,
			);
			name = LaunchScreen.storyboard;
			sourceTree = "<group>";
		};
/* End PBXVariantGroup section */

/* Begin XCBuildConfiguration section */
		CAF91B342A5D2FB4006CDF8D /* Debug */ = {
			isa = XCBuildConfiguration;
			buildSettings = {
				ALWAYS_SEARCH_USER_PATHS = NO;
				CLANG_ANALYZER_NONNULL = YES;
				CLANG_ANALYZER_NUMBER_OBJECT_CONVERSION = YES_AGGRESSIVE;
				CLANG_CXX_LANGUAGE_STANDARD = "gnu++20";
				CLANG_ENABLE_MODULES = YES;
				CLANG_ENABLE_OBJC_ARC = YES;
				CLANG_ENABLE_OBJC_WEAK = YES;
				CLANG_WARN_BLOCK_CAPTURE_AUTORELEASING = YES;
				CLANG_WARN_BOOL_CONVERSION = YES;
				CLANG_WARN_COMMA = YES;
				CLANG_WARN_CONSTANT_CONVERSION = YES;
				CLANG_WARN_DEPRECATED_OBJC_IMPLEMENTATIONS = YES;
				CLANG_WARN_DIRECT_OBJC_ISA_USAGE = YES_ERROR;
				CLANG_WARN_DOCUMENTATION_COMMENTS = YES;
				CLANG_WARN_EMPTY_BODY = YES;
				CLANG_WARN_ENUM_CONVERSION = YES;
				CLANG_WARN_INFINITE_RECURSION = YES;
				CLANG_WARN_INT_CONVERSION = YES;
				CLANG_WARN_NON_LITERAL_NULL_CONVERSION = YES;
				CLANG_WARN_OBJC_IMPLICIT_RETAIN_SELF = YES;
				CLANG_WARN_OBJC_LITERAL_CONVERSION = YES;
				CLANG_WARN_OBJC_ROOT_CLASS = YES_ERROR;
				CLANG_WARN_QUOTED_INCLUDE_IN_FRAMEWORK_HEADER = YES;
				CLANG_WARN_RANGE_LOOP_ANALYSIS = YES;
				CLANG_WARN_STRICT_PROTOTYPES = YES;
				CLANG_WARN_SUSPICIOUS_MOVE = YES;
				CLANG_WARN_UNGUARDED_AVAILABILITY = YES_AGGRESSIVE;
				CLANG_WARN_UNREACHABLE_CODE = YES;
				CLANG_WARN__DUPLICATE_METHOD_MATCH = YES;
				COPY_PHASE_STRIP = NO;
				DEBUG_INFORMATION_FORMAT = dwarf;
				ENABLE_STRICT_OBJC_MSGSEND = YES;
				ENABLE_TESTABILITY = YES;
				GCC_C_LANGUAGE_STANDARD = gnu11;
				GCC_DYNAMIC_NO_PIC = NO;
				GCC_NO_COMMON_BLOCKS = YES;
				GCC_OPTIMIZATION_LEVEL = 0;
				GCC_PREPROCESSOR_DEFINITIONS = (
					"DEBUG=1",
					"$(inherited)",
				);
				GCC_WARN_64_TO_32_BIT_CONVERSION = YES;
				GCC_WARN_ABOUT_RETURN_TYPE = YES_ERROR;
				GCC_WARN_UNDECLARED_SELECTOR = YES;
				GCC_WARN_UNINITIALIZED_AUTOS = YES_AGGRESSIVE;
				GCC_WARN_UNUSED_FUNCTION = YES;
				GCC_WARN_UNUSED_VARIABLE = YES;
				IPHONEOS_DEPLOYMENT_TARGET = 16.4;
				MTL_ENABLE_DEBUG_INFO = INCLUDE_SOURCE;
				MTL_FAST_MATH = YES;
				ONLY_ACTIVE_ARCH = YES;
				SDKROOT = iphoneos;
				SWIFT_ACTIVE_COMPILATION_CONDITIONS = DEBUG;
				SWIFT_OPTIMIZATION_LEVEL = "-Onone";
			};
			name = Debug;
		};
		CAF91B352A5D2FB4006CDF8D /* Release */ = {
			isa = XCBuildConfiguration;
			buildSettings = {
				ALWAYS_SEARCH_USER_PATHS = NO;
				CLANG_ANALYZER_NONNULL = YES;
				CLANG_ANALYZER_NUMBER_OBJECT_CONVERSION = YES_AGGRESSIVE;
				CLANG_CXX_LANGUAGE_STANDARD = "gnu++20";
				CLANG_ENABLE_MODULES = YES;
				CLANG_ENABLE_OBJC_ARC = YES;
				CLANG_ENABLE_OBJC_WEAK = YES;
				CLANG_WARN_BLOCK_CAPTURE_AUTORELEASING = YES;
				CLANG_WARN_BOOL_CONVERSION = YES;
				CLANG_WARN_COMMA = YES;
				CLANG_WARN_CONSTANT_CONVERSION = YES;
				CLANG_WARN_DEPRECATED_OBJC_IMPLEMENTATIONS = YES;
				CLANG_WARN_DIRECT_OBJC_ISA_USAGE = YES_ERROR;
				CLANG_WARN_DOCUMENTATION_COMMENTS = YES;
				CLANG_WARN_EMPTY_BODY = YES;
				CLANG_WARN_ENUM_CONVERSION = YES;
				CLANG_WARN_INFINITE_RECURSION = YES;
				CLANG_WARN_INT_CONVERSION = YES;
				CLANG_WARN_NON_LITERAL_NULL_CONVERSION = YES;
				CLANG_WARN_OBJC_IMPLICIT_RETAIN_SELF = YES;
				CLANG_WARN_OBJC_LITERAL_CONVERSION = YES;
				CLANG_WARN_OBJC_ROOT_CLASS = YES_ERROR;
				CLANG_WARN_QUOTED_INCLUDE_IN_FRAMEWORK_HEADER = YES;
				CLANG_WARN_RANGE_LOOP_ANALYSIS = YES;
				CLANG_WARN_STRICT_PROTOTYPES = YES;
				CLANG_WARN_SUSPICIOUS_MOVE = YES;
				CLANG_WARN_UNGUARDED_AVAILABILITY = YES_AGGRESSIVE;
				CLANG_WARN_UNREACHABLE_CODE = YES;
				CLANG_WARN__DUPLICATE_METHOD_MATCH = YES;
				COPY_PHASE_STRIP = NO;
				DEBUG_INFORMATION_FORMAT = "dwarf-with-dsym";
				ENABLE_NS_ASSERTIONS = NO;
				ENABLE_STRICT_OBJC_MSGSEND = YES;
				GCC_C_LANGUAGE_STANDARD = gnu11;
				GCC_NO_COMMON_BLOCKS = YES;
				GCC_WARN_64_TO_32_BIT_CONVERSION = YES;
				GCC_WARN_ABOUT_RETURN_TYPE = YES_ERROR;
				GCC_WARN_UNDECLARED_SELECTOR = YES;
				GCC_WARN_UNINITIALIZED_AUTOS = YES_AGGRESSIVE;
				GCC_WARN_UNUSED_FUNCTION = YES;
				GCC_WARN_UNUSED_VARIABLE = YES;
				IPHONEOS_DEPLOYMENT_TARGET = 16.4;
				MTL_ENABLE_DEBUG_INFO = NO;
				MTL_FAST_MATH = YES;
				SDKROOT = iphoneos;
				SWIFT_COMPILATION_MODE = wholemodule;
				SWIFT_OPTIMIZATION_LEVEL = "-O";
				VALIDATE_PRODUCT = YES;
			};
			name = Release;
		};
		CAF91B372A5D2FB4006CDF8D /* Debug */ = {
			isa = XCBuildConfiguration;
			buildSettings = {
				ASSETCATALOG_COMPILER_APPICON_NAME = AppIcon;
				ASSETCATALOG_COMPILER_GLOBAL_ACCENT_COLOR_NAME = AccentColor;
				CODE_SIGN_STYLE = Automatic;
				CURRENT_PROJECT_VERSION = 1;
				DEVELOPMENT_TEAM = XV38VT3FG5;
				GENERATE_INFOPLIST_FILE = YES;
				INFOPLIST_FILE = CloudDiary/Info.plist;
				INFOPLIST_KEY_UIApplicationSupportsIndirectInputEvents = YES;
				INFOPLIST_KEY_UILaunchStoryboardName = LaunchScreen;
				INFOPLIST_KEY_UIMainStoryboardFile = Main;
				INFOPLIST_KEY_UISupportedInterfaceOrientations_iPad = "UIInterfaceOrientationPortrait UIInterfaceOrientationPortraitUpsideDown UIInterfaceOrientationLandscapeLeft UIInterfaceOrientationLandscapeRight";
				INFOPLIST_KEY_UISupportedInterfaceOrientations_iPhone = "UIInterfaceOrientationPortrait UIInterfaceOrientationLandscapeLeft UIInterfaceOrientationLandscapeRight";
				LD_RUNPATH_SEARCH_PATHS = (
					"$(inherited)",
					"@executable_path/Frameworks",
				);
				MARKETING_VERSION = 1.0;
				PRODUCT_BUNDLE_IDENTIFIER = zero.CloudDiary;
				PRODUCT_NAME = "$(TARGET_NAME)";
				SWIFT_EMIT_LOC_STRINGS = YES;
				SWIFT_VERSION = 5.0;
				TARGETED_DEVICE_FAMILY = "1,2";
			};
			name = Debug;
		};
		CAF91B382A5D2FB4006CDF8D /* Release */ = {
			isa = XCBuildConfiguration;
			buildSettings = {
				ASSETCATALOG_COMPILER_APPICON_NAME = AppIcon;
				ASSETCATALOG_COMPILER_GLOBAL_ACCENT_COLOR_NAME = AccentColor;
				CODE_SIGN_STYLE = Automatic;
				CURRENT_PROJECT_VERSION = 1;
				DEVELOPMENT_TEAM = XV38VT3FG5;
				GENERATE_INFOPLIST_FILE = YES;
				INFOPLIST_FILE = CloudDiary/Info.plist;
				INFOPLIST_KEY_UIApplicationSupportsIndirectInputEvents = YES;
				INFOPLIST_KEY_UILaunchStoryboardName = LaunchScreen;
				INFOPLIST_KEY_UIMainStoryboardFile = Main;
				INFOPLIST_KEY_UISupportedInterfaceOrientations_iPad = "UIInterfaceOrientationPortrait UIInterfaceOrientationPortraitUpsideDown UIInterfaceOrientationLandscapeLeft UIInterfaceOrientationLandscapeRight";
				INFOPLIST_KEY_UISupportedInterfaceOrientations_iPhone = "UIInterfaceOrientationPortrait UIInterfaceOrientationLandscapeLeft UIInterfaceOrientationLandscapeRight";
				LD_RUNPATH_SEARCH_PATHS = (
					"$(inherited)",
					"@executable_path/Frameworks",
				);
				MARKETING_VERSION = 1.0;
				PRODUCT_BUNDLE_IDENTIFIER = zero.CloudDiary;
				PRODUCT_NAME = "$(TARGET_NAME)";
				SWIFT_EMIT_LOC_STRINGS = YES;
				SWIFT_VERSION = 5.0;
				TARGETED_DEVICE_FAMILY = "1,2";
			};
			name = Release;
		};
/* End XCBuildConfiguration section */

/* Begin XCConfigurationList section */
		CAF91B1A2A5D2FB1006CDF8D /* Build configuration list for PBXProject "CloudDiary" */ = {
			isa = XCConfigurationList;
			buildConfigurations = (
				CAF91B342A5D2FB4006CDF8D /* Debug */,
				CAF91B352A5D2FB4006CDF8D /* Release */,
			);
			defaultConfigurationIsVisible = 0;
			defaultConfigurationName = Release;
		};
		CAF91B362A5D2FB4006CDF8D /* Build configuration list for PBXNativeTarget "CloudDiary" */ = {
			isa = XCConfigurationList;
			buildConfigurations = (
				CAF91B372A5D2FB4006CDF8D /* Debug */,
				CAF91B382A5D2FB4006CDF8D /* Release */,
			);
			defaultConfigurationIsVisible = 0;
			defaultConfigurationName = Release;
		};
/* End XCConfigurationList section */

/* Begin XCVersionGroup section */
		CAF91B2B2A5D2FB1006CDF8D /* CloudDiary.xcdatamodeld */ = {
			isa = XCVersionGroup;
			children = (
				CAF91B2C2A5D2FB1006CDF8D /* CloudDiary.xcdatamodel */,
			);
			currentVersion = CAF91B2C2A5D2FB1006CDF8D /* CloudDiary.xcdatamodel */;
			path = CloudDiary.xcdatamodeld;
			sourceTree = "<group>";
			versionGroupType = wrapper.xcdatamodel;
		};
/* End XCVersionGroup section */
	};
	rootObject = CAF91B172A5D2FB1006CDF8D /* Project object */;
}
